{
  "lockfile_version": "1",
  "packages": {
    "github:NixOS/nixpkgs/nixpkgs-unstable": {
      "last_modified": "2025-08-22T02:25:05Z",
      "resolved": "github:NixOS/nixpkgs/f937f8ecd1c70efd7e9f90ba13dfb400cf559de4?lastModified=1755829505&narHash=sha256-4%2FJd%2BLkQ2ssw8luQVkqVs9spDBVE6h%2Fu%2FhC%2FtzngsPo%3D"
    },
    "just@1.42.4": {
      "last_modified": "2025-07-28T17:09:23Z",
      "resolved": "github:NixOS/nixpkgs/648f70160c03151bc2121d179291337ad6bc564b#just",
      "source": "devbox-search",
      "version": "1.42.4",
      "systems": {
        "aarch64-darwin": {
          "outputs": [
            {
              "name": "out",
              "path": "/nix/store/rfqsf7a8dym7bxd8bjfhndnmx7gvbgph-just-1.42.4",
              "default": true
            },
            {
              "name": "man",
              "path": "/nix/store/gih21nbjpx4ip4d4l2h0g3hi6664k147-just-1.42.4-man",
              "default": true
            },
            {
              "name": "doc",
              "path": "/nix/store/pq9fksdkn6sbq3lli4z5y37085d5l43d-just-1.42.4-doc"
            }
          ],
          "store_path": "/nix/store/rfqsf7a8dym7bxd8bjfhndnmx7gvbgph-just-1.42.4"
        },
        "aarch64-linux": {
          "outputs": [
            {
              "name": "out",
              "path": "/nix/store/8xcqlacbwjfz518ca5hgjrf8208wjp8g-just-1.42.4",
              "default": true
            },
            {
              "name": "man",
              "path": "/nix/store/83901a2c4v4cgv1b2kx7l6m9wd174sp8-just-1.42.4-man",
              "default": true
            },
            {
              "name": "doc",
              "path": "/nix/store/z7vj1b56v3z7i64r20aa8y61ayqppqfp-just-1.42.4-doc"
            }
          ],
          "store_path": "/nix/store/8xcqlacbwjfz518ca5hgjrf8208wjp8g-just-1.42.4"
        },
        "x86_64-darwin": {
          "outputs": [
            {
              "name": "out",
              "path": "/nix/store/xv86najr5k1r4fvg6yf8ha3m8b6bhdbj-just-1.42.4",
              "default": true
            },
            {
              "name": "man",
              "path": "/nix/store/1xj03nldjkkhgkih64iyakgfdj6pxwrx-just-1.42.4-man",
              "default": true
            },
            {
              "name": "doc",
              "path": "/nix/store/cbqy754s1xm921iw2gg97pmg9q6n7nd5-just-1.42.4-doc"
            }
          ],
          "store_path": "/nix/store/xv86najr5k1r4fvg6yf8ha3m8b6bhdbj-just-1.42.4"
        },
        "x86_64-linux": {
          "outputs": [
            {
              "name": "out",
              "path": "/nix/store/wnbn0xb6mzzbl594d51hqqvch1lnzhpb-just-1.42.4",
              "default": true
            },
            {
              "name": "man",
              "path": "/nix/store/bhry505vmc1rfpnr9yn1486488nsbpsg-just-1.42.4-man",
              "default": true
            },
            {
              "name": "doc",
              "path": "/nix/store/h5p6n1hg051hjs02jwlvbndlmx73nj45-just-1.42.4-doc"
            }
          ],
          "store_path": "/nix/store/wnbn0xb6mzzbl594d51hqqvch1lnzhpb-just-1.42.4"
        }
      }
    },
    "nodejs@22.14.0": {
      "last_modified": "2025-06-06T01:46:53Z",
      "plugin_version": "0.0.2",
      "resolved": "github:NixOS/nixpkgs/6ad174a6dc07c7742fc64005265addf87ad08615#nodejs_22",
      "source": "devbox-search",
      "version": "22.14.0",
      "systems": {
        "aarch64-darwin": {
          "outputs": [
            {
              "name": "out",
              "path": "/nix/store/g5bv4gi6p7ryhs2hbaryxs6ivsxa6lqc-nodejs-22.14.0",
              "default": true
            },
            {
              "name": "dev",
              "path": "/nix/store/96vpirdcns8zxdwzwl7n804012lwrf1n-nodejs-22.14.0-dev"
            },
            {
              "name": "libv8",
              "path": "/nix/store/xph2837xqjnra80mqlk64xp7vb3kkqxs-nodejs-22.14.0-libv8"
            }
          ],
          "store_path": "/nix/store/g5bv4gi6p7ryhs2hbaryxs6ivsxa6lqc-nodejs-22.14.0"
        },
        "aarch64-linux": {
          "outputs": [
            {
              "name": "out",
              "path": "/nix/store/cwb781xbp70f72njqh8vhvbsf1xq87i5-nodejs-22.14.0",
              "default": true
            },
            {
              "name": "dev",
              "path": "/nix/store/0w5mql46am2qai707a42q983l44l1h9z-nodejs-22.14.0-dev"
            },
            {
              "name": "libv8",
              "path": "/nix/store/vy56lahz381ayvw3hym3wj4r4ggv7gbk-nodejs-22.14.0-libv8"
            }
          ],
          "store_path": "/nix/store/cwb781xbp70f72njqh8vhvbsf1xq87i5-nodejs-22.14.0"
        },
        "x86_64-darwin": {
          "outputs": [
            {
              "name": "out",
              "path": "/nix/store/086zjv14ipka2vbpgwil3xyvi5ml4vh3-nodejs-22.14.0",
              "default": true
            },
            {
              "name": "dev",
              "path": "/nix/store/24n01nfvy908pwzwpgsl0k4227187i7i-nodejs-22.14.0-dev"
            },
            {
              "name": "libv8",
              "path": "/nix/store/jiwk0in1wk85crn9vp03gg937gbh1s0w-nodejs-22.14.0-libv8"
            }
          ],
          "store_path": "/nix/store/086zjv14ipka2vbpgwil3xyvi5ml4vh3-nodejs-22.14.0"
        },
        "x86_64-linux": {
          "outputs": [
            {
              "name": "out",
              "path": "/nix/store/c8jxsih8yy2rnncdmx2hyraizf689nvp-nodejs-22.14.0",
              "default": true
            },
            {
              "name": "libv8",
              "path": "/nix/store/s8gnrgh9hgnbkrc1wrn21d6zvkbvm9vi-nodejs-22.14.0-libv8"
            },
            {
              "name": "dev",
              "path": "/nix/store/xw8c1c0inxq3xl1d7axz19vq8c05kjk5-nodejs-22.14.0-dev"
            }
          ],
          "store_path": "/nix/store/c8jxsih8yy2rnncdmx2hyraizf689nvp-nodejs-22.14.0"
        }
      }
    },
    "pnpm@10.14.0": {
      "last_modified": "2025-08-02T16:19:54Z",
      "resolved": "github:NixOS/nixpkgs/7b6929d8b900de3142638310f8bc40cff4f2c507#pnpm",
      "source": "devbox-search",
      "version": "10.14.0",
      "systems": {
        "aarch64-darwin": {
          "outputs": [
            {
              "name": "out",
              "path": "/nix/store/zbrkyacg6llvr23i9jymcqpdply66wcb-pnpm-10.14.0",
              "default": true
            }
          ],
          "store_path": "/nix/store/zbrkyacg6llvr23i9jymcqpdply66wcb-pnpm-10.14.0"
        },
        "aarch64-linux": {
          "outputs": [
            {
              "name": "out",
              "path": "/nix/store/cfpp6ffy67vvzz1l6vqddkxzffs2m790-pnpm-10.14.0",
              "default": true
            }
          ],
          "store_path": "/nix/store/cfpp6ffy67vvzz1l6vqddkxzffs2m790-pnpm-10.14.0"
        },
        "x86_64-darwin": {
          "outputs": [
            {
              "name": "out",
              "path": "/nix/store/iryjb73pn84bczcr751608rjbpbzm721-pnpm-10.14.0",
              "default": true
            }
          ],
          "store_path": "/nix/store/iryjb73pn84bczcr751608rjbpbzm721-pnpm-10.14.0"
        },
        "x86_64-linux": {
          "outputs": [
            {
              "name": "out",
              "path": "/nix/store/q4cljfi7la5sbb75vb2kkgvbg2qwgz2x-pnpm-10.14.0",
              "default": true
            }
          ],
          "store_path": "/nix/store/q4cljfi7la5sbb75vb2kkgvbg2qwgz2x-pnpm-10.14.0"
        }
      }
    },
    "python@3.11": {
      "last_modified": "2025-07-28T17:09:23Z",
      "plugin_version": "0.0.4",
      "resolved": "github:NixOS/nixpkgs/648f70160c03151bc2121d179291337ad6bc564b#python311",
      "source": "devbox-search",
      "version": "3.11.13",
      "systems": {
        "aarch64-darwin": {
          "outputs": [
            {
              "name": "out",
              "path": "/nix/store/ifxz6hniba9h7p1lcfi8zd4xpslgsy6x-python3-3.11.13",
              "default": true
            }
          ],
          "store_path": "/nix/store/ifxz6hniba9h7p1lcfi8zd4xpslgsy6x-python3-3.11.13"
        },
        "aarch64-linux": {
          "outputs": [
            {
              "name": "out",
              "path": "/nix/store/9gj7a7mjy47l19xx1sh8zrgh687ilqbs-python3-3.11.13",
              "default": true
            },
            {
              "name": "debug",
              "path": "/nix/store/ixsm2j4hkbwbdvx35qyy4lb0hycg0cix-python3-3.11.13-debug"
            }
          ],
          "store_path": "/nix/store/9gj7a7mjy47l19xx1sh8zrgh687ilqbs-python3-3.11.13"
        },
        "x86_64-darwin": {
          "outputs": [
            {
              "name": "out",
              "path": "/nix/store/bg2fr8g676s6cvf6afh7md21bz86j4sv-python3-3.11.13",
              "default": true
            }
          ],
          "store_path": "/nix/store/bg2fr8g676s6cvf6afh7md21bz86j4sv-python3-3.11.13"
        },
        "x86_64-linux": {
          "outputs": [
            {
              "name": "out",
              "path": "/nix/store/xldyfac0kbcl5c1yp9ygsag5y23irwxs-python3-3.11.13",
              "default": true
            },
            {
              "name": "debug",
              "path": "/nix/store/5ay9f62pyshj15dxfpvw40wa8w6pzwbc-python3-3.11.13-debug"
            }
          ],
          "store_path": "/nix/store/xldyfac0kbcl5c1yp9ygsag5y23irwxs-python3-3.11.13"
        }
      }
    },
    "uv@0.5.14": {
      "last_modified": "2025-01-03T14:51:55Z",
      "resolved": "github:NixOS/nixpkgs/a27871180d30ebee8aa6b11bf7fef8a52f024733#uv",
      "source": "devbox-search",
      "version": "0.5.14",
      "systems": {
        "aarch64-darwin": {
          "outputs": [
            {
              "name": "out",
              "path": "/nix/store/np8wg666r6053jzzfljiymn64h1skypw-uv-0.5.14",
              "default": true
            }
          ],
          "store_path": "/nix/store/np8wg666r6053jzzfljiymn64h1skypw-uv-0.5.14"
        },
        "aarch64-linux": {
          "outputs": [
            {
              "name": "out",
              "path": "/nix/store/7fznpx28grcn75r0hrg42ym0fk59s3n0-uv-0.5.14",
              "default": true
            }
          ],
          "store_path": "/nix/store/7fznpx28grcn75r0hrg42ym0fk59s3n0-uv-0.5.14"
        },
        "x86_64-darwin": {
          "outputs": [
            {
              "name": "out",
              "path": "/nix/store/fiy4i9lnc78mpx3jbfhbmqygmknp49gh-uv-0.5.14",
              "default": true
            }
          ],
          "store_path": "/nix/store/fiy4i9lnc78mpx3jbfhbmqygmknp49gh-uv-0.5.14"
        },
        "x86_64-linux": {
          "outputs": [
            {
              "name": "out",
              "path": "/nix/store/ysljjdf70xcss901kq1zzr99qcw4g1k4-uv-0.5.14",
              "default": true
            }
          ],
          "store_path": "/nix/store/ysljjdf70xcss901kq1zzr99qcw4g1k4-uv-0.5.14"
        }
      }
    }
  }
}
